// !$*UTF8*$!
{
	archiveVersion = 1;
	classes = {
	};
	objectVersion = 56;
	objects = {

/* Begin PBXBuildFile section */
		140F8B782AF409830064C2A6 /* Data in Frameworks */ = {isa = PBXBuildFile; productRef = 140F8B772AF409830064C2A6 /* Data */; };
		140F8B7A2AF409830064C2A6 /* Domain in Frameworks */ = {isa = PBXBuildFile; productRef = 140F8B792AF409830064C2A6 /* Domain */; };
		140F8B8A2AF50EB30064C2A6 /* RepositoryAssembly.swift in Sources */ = {isa = PBXBuildFile; fileRef = 140F8B872AF50EB30064C2A6 /* RepositoryAssembly.swift */; };
		140F8B8B2AF50EB30064C2A6 /* UserFeatureAssembly.swift in Sources */ = {isa = PBXBuildFile; fileRef = 140F8B882AF50EB30064C2A6 /* UserFeatureAssembly.swift */; };
		140F8B8C2AF50EB30064C2A6 /* UseCaseAssembly.swift in Sources */ = {isa = PBXBuildFile; fileRef = 140F8B892AF50EB30064C2A6 /* UseCaseAssembly.swift */; };
		140F8B912AF5137E0064C2A6 /* UsersView.swift in Sources */ = {isa = PBXBuildFile; fileRef = 140F8B8F2AF5137E0064C2A6 /* UsersView.swift */; };
		140F8B922AF5137E0064C2A6 /* UsersViewModel.swift in Sources */ = {isa = PBXBuildFile; fileRef = 140F8B902AF5137E0064C2A6 /* UsersViewModel.swift */; };
		140F8B962AF517230064C2A6 /* UserAssembly.swift in Sources */ = {isa = PBXBuildFile; fileRef = 140F8B952AF517230064C2A6 /* UserAssembly.swift */; };
		140F8B9B2AF540920064C2A6 /* DetailUserAssembly.swift in Sources */ = {isa = PBXBuildFile; fileRef = 140F8B9A2AF540920064C2A6 /* DetailUserAssembly.swift */; };
		142DFDF12AF80E0D008B148F /* UserCellView.swift in Sources */ = {isa = PBXBuildFile; fileRef = 142DFDF02AF80E0D008B148F /* UserCellView.swift */; };
		14796B592AF57DAE00E09597 /* DetailUserView.swift in Sources */ = {isa = PBXBuildFile; fileRef = 14796B582AF57DAE00E09597 /* DetailUserView.swift */; };
		14C778352AF10A3300E5B744 /* RandomUserApp.swift in Sources */ = {isa = PBXBuildFile; fileRef = 14C778342AF10A3300E5B744 /* RandomUserApp.swift */; };
		14C7783B2AF10A3400E5B744 /* Assets.xcassets in Resources */ = {isa = PBXBuildFile; fileRef = 14C7783A2AF10A3400E5B744 /* Assets.xcassets */; };
		14C7783F2AF10A3400E5B744 /* Preview Assets.xcassets in Resources */ = {isa = PBXBuildFile; fileRef = 14C7783E2AF10A3400E5B744 /* Preview Assets.xcassets */; };
		14C778492AF10A3400E5B744 /* RandomUserTests.swift in Sources */ = {isa = PBXBuildFile; fileRef = 14C778482AF10A3400E5B744 /* RandomUserTests.swift */; };
		14C778532AF10A3500E5B744 /* RandomUserUITests.swift in Sources */ = {isa = PBXBuildFile; fileRef = 14C778522AF10A3500E5B744 /* RandomUserUITests.swift */; };
		14C778552AF10A3500E5B744 /* RandomUserUITestsLaunchTests.swift in Sources */ = {isa = PBXBuildFile; fileRef = 14C778542AF10A3500E5B744 /* RandomUserUITestsLaunchTests.swift */; };
/* End PBXBuildFile section */

/* Begin PBXContainerItemProxy section */
		14C778452AF10A3400E5B744 /* PBXContainerItemProxy */ = {
			isa = PBXContainerItemProxy;
			containerPortal = 14C778292AF10A3300E5B744 /* Project object */;
			proxyType = 1;
			remoteGlobalIDString = 14C778302AF10A3300E5B744;
			remoteInfo = RandomUser;
		};
		14C7784F2AF10A3500E5B744 /* PBXContainerItemProxy */ = {
			isa = PBXContainerItemProxy;
			containerPortal = 14C778292AF10A3300E5B744 /* Project object */;
			proxyType = 1;
			remoteGlobalIDString = 14C778302AF10A3300E5B744;
			remoteInfo = RandomUser;
		};
/* End PBXContainerItemProxy section */

/* Begin PBXFileReference section */
		140F8B752AF407FF0064C2A6 /* RandomUserPackage */ = {isa = PBXFileReference; lastKnownFileType = text; path = RandomUserPackage; sourceTree = SOURCE_ROOT; };
		140F8B872AF50EB30064C2A6 /* RepositoryAssembly.swift */ = {isa = PBXFileReference; fileEncoding = 4; lastKnownFileType = sourcecode.swift; path = RepositoryAssembly.swift; sourceTree = "<group>"; };
		140F8B882AF50EB30064C2A6 /* UserFeatureAssembly.swift */ = {isa = PBXFileReference; fileEncoding = 4; lastKnownFileType = sourcecode.swift; path = UserFeatureAssembly.swift; sourceTree = "<group>"; };
		140F8B892AF50EB30064C2A6 /* UseCaseAssembly.swift */ = {isa = PBXFileReference; fileEncoding = 4; lastKnownFileType = sourcecode.swift; path = UseCaseAssembly.swift; sourceTree = "<group>"; };
		140F8B8F2AF5137E0064C2A6 /* UsersView.swift */ = {isa = PBXFileReference; fileEncoding = 4; lastKnownFileType = sourcecode.swift; path = UsersView.swift; sourceTree = "<group>"; };
		140F8B902AF5137E0064C2A6 /* UsersViewModel.swift */ = {isa = PBXFileReference; fileEncoding = 4; lastKnownFileType = sourcecode.swift; path = UsersViewModel.swift; sourceTree = "<group>"; };
		140F8B952AF517230064C2A6 /* UserAssembly.swift */ = {isa = PBXFileReference; lastKnownFileType = sourcecode.swift; path = UserAssembly.swift; sourceTree = "<group>"; };
		140F8B9A2AF540920064C2A6 /* DetailUserAssembly.swift */ = {isa = PBXFileReference; lastKnownFileType = sourcecode.swift; path = DetailUserAssembly.swift; sourceTree = "<group>"; };
		142DFDF02AF80E0D008B148F /* UserCellView.swift */ = {isa = PBXFileReference; lastKnownFileType = sourcecode.swift; path = UserCellView.swift; sourceTree = "<group>"; };
		14796B582AF57DAE00E09597 /* DetailUserView.swift */ = {isa = PBXFileReference; lastKnownFileType = sourcecode.swift; path = DetailUserView.swift; sourceTree = "<group>"; };
		14C778312AF10A3300E5B744 /* RandomUser.app */ = {isa = PBXFileReference; explicitFileType = wrapper.application; includeInIndex = 0; path = RandomUser.app; sourceTree = BUILT_PRODUCTS_DIR; };
		14C778342AF10A3300E5B744 /* RandomUserApp.swift */ = {isa = PBXFileReference; lastKnownFileType = sourcecode.swift; path = RandomUserApp.swift; sourceTree = "<group>"; };
		14C7783A2AF10A3400E5B744 /* Assets.xcassets */ = {isa = PBXFileReference; lastKnownFileType = folder.assetcatalog; path = Assets.xcassets; sourceTree = "<group>"; };
		14C7783C2AF10A3400E5B744 /* RandomUser.entitlements */ = {isa = PBXFileReference; lastKnownFileType = text.plist.entitlements; path = RandomUser.entitlements; sourceTree = "<group>"; };
		14C7783E2AF10A3400E5B744 /* Preview Assets.xcassets */ = {isa = PBXFileReference; lastKnownFileType = folder.assetcatalog; path = "Preview Assets.xcassets"; sourceTree = "<group>"; };
		14C778442AF10A3400E5B744 /* RandomUserTests.xctest */ = {isa = PBXFileReference; explicitFileType = wrapper.cfbundle; includeInIndex = 0; path = RandomUserTests.xctest; sourceTree = BUILT_PRODUCTS_DIR; };
		14C778482AF10A3400E5B744 /* RandomUserTests.swift */ = {isa = PBXFileReference; lastKnownFileType = sourcecode.swift; path = RandomUserTests.swift; sourceTree = "<group>"; };
		14C7784E2AF10A3500E5B744 /* RandomUserUITests.xctest */ = {isa = PBXFileReference; explicitFileType = wrapper.cfbundle; includeInIndex = 0; path = RandomUserUITests.xctest; sourceTree = BUILT_PRODUCTS_DIR; };
		14C778522AF10A3500E5B744 /* RandomUserUITests.swift */ = {isa = PBXFileReference; lastKnownFileType = sourcecode.swift; path = RandomUserUITests.swift; sourceTree = "<group>"; };
		14C778542AF10A3500E5B744 /* RandomUserUITestsLaunchTests.swift */ = {isa = PBXFileReference; lastKnownFileType = sourcecode.swift; path = RandomUserUITestsLaunchTests.swift; sourceTree = "<group>"; };
/* End PBXFileReference section */

/* Begin PBXFrameworksBuildPhase section */
		14C7782E2AF10A3300E5B744 /* Frameworks */ = {
			isa = PBXFrameworksBuildPhase;
			buildActionMask = 2147483647;
			files = (
				140F8B7A2AF409830064C2A6 /* Domain in Frameworks */,
				140F8B782AF409830064C2A6 /* Data in Frameworks */,
			);
			runOnlyForDeploymentPostprocessing = 0;
		};
		14C778412AF10A3400E5B744 /* Frameworks */ = {
			isa = PBXFrameworksBuildPhase;
			buildActionMask = 2147483647;
			files = (
			);
			runOnlyForDeploymentPostprocessing = 0;
		};
		14C7784B2AF10A3500E5B744 /* Frameworks */ = {
			isa = PBXFrameworksBuildPhase;
			buildActionMask = 2147483647;
			files = (
			);
			runOnlyForDeploymentPostprocessing = 0;
		};
/* End PBXFrameworksBuildPhase section */

/* Begin PBXGroup section */
		140F8B762AF409830064C2A6 /* Frameworks */ = {
			isa = PBXGroup;
			children = (
			);
			name = Frameworks;
			sourceTree = "<group>";
		};
		140F8B7B2AF50DE40064C2A6 /* DI */ = {
			isa = PBXGroup;
			children = (
				140F8B872AF50EB30064C2A6 /* RepositoryAssembly.swift */,
				140F8B882AF50EB30064C2A6 /* UserFeatureAssembly.swift */,
				140F8B892AF50EB30064C2A6 /* UseCaseAssembly.swift */,
			);
			path = DI;
			sourceTree = "<group>";
		};
		140F8B8D2AF511DC0064C2A6 /* Modules */ = {
			isa = PBXGroup;
			children = (
				140F8B8E2AF512030064C2A6 /* List Users */,
				140F8B972AF540630064C2A6 /* Detail User */,
			);
			path = Modules;
			sourceTree = "<group>";
		};
		140F8B8E2AF512030064C2A6 /* List Users */ = {
			isa = PBXGroup;
			children = (
				140F8B942AF5170D0064C2A6 /* DI */,
				142DFDF22AF80EEA008B148F /* ViewModel */,
				142DFDF32AF80EF7008B148F /* View */,
			);
			path = "List Users";
			sourceTree = "<group>";
		};
		140F8B942AF5170D0064C2A6 /* DI */ = {
			isa = PBXGroup;
			children = (
				140F8B952AF517230064C2A6 /* UserAssembly.swift */,
			);
			path = DI;
			sourceTree = "<group>";
		};
		140F8B972AF540630064C2A6 /* Detail User */ = {
			isa = PBXGroup;
			children = (
				140F8B982AF540730064C2A6 /* DI */,
				142DFDF82AF81BC0008B148F /* View */,
			);
			path = "Detail User";
			sourceTree = "<group>";
		};
		140F8B982AF540730064C2A6 /* DI */ = {
			isa = PBXGroup;
			children = (
				140F8B9A2AF540920064C2A6 /* DetailUserAssembly.swift */,
			);
			path = DI;
			sourceTree = "<group>";
		};
		142DFDF22AF80EEA008B148F /* ViewModel */ = {
			isa = PBXGroup;
			children = (
				140F8B902AF5137E0064C2A6 /* UsersViewModel.swift */,
			);
			path = ViewModel;
			sourceTree = "<group>";
		};
		142DFDF32AF80EF7008B148F /* View */ = {
			isa = PBXGroup;
			children = (
				142DFDF42AF80EFF008B148F /* Cell */,
				140F8B8F2AF5137E0064C2A6 /* UsersView.swift */,
			);
			path = View;
			sourceTree = "<group>";
		};
		142DFDF42AF80EFF008B148F /* Cell */ = {
			isa = PBXGroup;
			children = (
				142DFDF02AF80E0D008B148F /* UserCellView.swift */,
			);
			path = Cell;
			sourceTree = "<group>";
		};
		142DFDF82AF81BC0008B148F /* View */ = {
			isa = PBXGroup;
			children = (
				14796B582AF57DAE00E09597 /* DetailUserView.swift */,
			);
			path = View;
			sourceTree = "<group>";
		};
		14C778282AF10A3300E5B744 = {
			isa = PBXGroup;
			children = (
				14C778332AF10A3300E5B744 /* RandomUser */,
				14C778472AF10A3400E5B744 /* RandomUserTests */,
				14C778512AF10A3500E5B744 /* RandomUserUITests */,
				14C778322AF10A3300E5B744 /* Products */,
				140F8B762AF409830064C2A6 /* Frameworks */,
			);
			sourceTree = "<group>";
		};
		14C778322AF10A3300E5B744 /* Products */ = {
			isa = PBXGroup;
			children = (
				14C778312AF10A3300E5B744 /* RandomUser.app */,
				14C778442AF10A3400E5B744 /* RandomUserTests.xctest */,
				14C7784E2AF10A3500E5B744 /* RandomUserUITests.xctest */,
			);
			name = Products;
			sourceTree = "<group>";
		};
		14C778332AF10A3300E5B744 /* RandomUser */ = {
			isa = PBXGroup;
			children = (
				140F8B752AF407FF0064C2A6 /* RandomUserPackage */,
				140F8B7B2AF50DE40064C2A6 /* DI */,
				140F8B8D2AF511DC0064C2A6 /* Modules */,
				14C778342AF10A3300E5B744 /* RandomUserApp.swift */,
				14C7783A2AF10A3400E5B744 /* Assets.xcassets */,
				14C7783C2AF10A3400E5B744 /* RandomUser.entitlements */,
				14C7783D2AF10A3400E5B744 /* Preview Content */,
			);
			path = RandomUser;
			sourceTree = "<group>";
		};
		14C7783D2AF10A3400E5B744 /* Preview Content */ = {
			isa = PBXGroup;
			children = (
				14C7783E2AF10A3400E5B744 /* Preview Assets.xcassets */,
			);
			path = "Preview Content";
			sourceTree = "<group>";
		};
		14C778472AF10A3400E5B744 /* RandomUserTests */ = {
			isa = PBXGroup;
			children = (
				14C778482AF10A3400E5B744 /* RandomUserTests.swift */,
			);
			path = RandomUserTests;
			sourceTree = "<group>";
		};
		14C778512AF10A3500E5B744 /* RandomUserUITests */ = {
			isa = PBXGroup;
			children = (
				14C778522AF10A3500E5B744 /* RandomUserUITests.swift */,
				14C778542AF10A3500E5B744 /* RandomUserUITestsLaunchTests.swift */,
			);
			path = RandomUserUITests;
			sourceTree = "<group>";
		};
/* End PBXGroup section */

/* Begin PBXNativeTarget section */
		14C778302AF10A3300E5B744 /* RandomUser */ = {
			isa = PBXNativeTarget;
			buildConfigurationList = 14C778582AF10A3500E5B744 /* Build configuration list for PBXNativeTarget "RandomUser" */;
			buildPhases = (
				14C7782D2AF10A3300E5B744 /* Sources */,
				14C7782E2AF10A3300E5B744 /* Frameworks */,
				14C7782F2AF10A3300E5B744 /* Resources */,
			);
			buildRules = (
			);
			dependencies = (
			);
			name = RandomUser;
			packageProductDependencies = (
				140F8B772AF409830064C2A6 /* Data */,
				140F8B792AF409830064C2A6 /* Domain */,
			);
			productName = RandomUser;
			productReference = 14C778312AF10A3300E5B744 /* RandomUser.app */;
			productType = "com.apple.product-type.application";
		};
		14C778432AF10A3400E5B744 /* RandomUserTests */ = {
			isa = PBXNativeTarget;
			buildConfigurationList = 14C7785B2AF10A3500E5B744 /* Build configuration list for PBXNativeTarget "RandomUserTests" */;
			buildPhases = (
				14C778402AF10A3400E5B744 /* Sources */,
				14C778412AF10A3400E5B744 /* Frameworks */,
				14C778422AF10A3400E5B744 /* Resources */,
			);
			buildRules = (
			);
			dependencies = (
				14C778462AF10A3400E5B744 /* PBXTargetDependency */,
			);
			name = RandomUserTests;
			productName = RandomUserTests;
			productReference = 14C778442AF10A3400E5B744 /* RandomUserTests.xctest */;
			productType = "com.apple.product-type.bundle.unit-test";
		};
		14C7784D2AF10A3500E5B744 /* RandomUserUITests */ = {
			isa = PBXNativeTarget;
			buildConfigurationList = 14C7785E2AF10A3500E5B744 /* Build configuration list for PBXNativeTarget "RandomUserUITests" */;
			buildPhases = (
				14C7784A2AF10A3500E5B744 /* Sources */,
				14C7784B2AF10A3500E5B744 /* Frameworks */,
				14C7784C2AF10A3500E5B744 /* Resources */,
			);
			buildRules = (
			);
			dependencies = (
				14C778502AF10A3500E5B744 /* PBXTargetDependency */,
			);
			name = RandomUserUITests;
			productName = RandomUserUITests;
			productReference = 14C7784E2AF10A3500E5B744 /* RandomUserUITests.xctest */;
			productType = "com.apple.product-type.bundle.ui-testing";
		};
/* End PBXNativeTarget section */

/* Begin PBXProject section */
		14C778292AF10A3300E5B744 /* Project object */ = {
			isa = PBXProject;
			attributes = {
				BuildIndependentTargetsInParallel = 1;
				LastSwiftUpdateCheck = 1500;
				LastUpgradeCheck = 1500;
				TargetAttributes = {
					14C778302AF10A3300E5B744 = {
						CreatedOnToolsVersion = 15.0.1;
					};
					14C778432AF10A3400E5B744 = {
						CreatedOnToolsVersion = 15.0.1;
						TestTargetID = 14C778302AF10A3300E5B744;
					};
					14C7784D2AF10A3500E5B744 = {
						CreatedOnToolsVersion = 15.0.1;
						TestTargetID = 14C778302AF10A3300E5B744;
					};
				};
			};
			buildConfigurationList = 14C7782C2AF10A3300E5B744 /* Build configuration list for PBXProject "RandomUser" */;
			compatibilityVersion = "Xcode 14.0";
			developmentRegion = en;
			hasScannedForEncodings = 0;
			knownRegions = (
				en,
				Base,
			);
			mainGroup = 14C778282AF10A3300E5B744;
			productRefGroup = 14C778322AF10A3300E5B744 /* Products */;
			projectDirPath = "";
			projectRoot = "";
			targets = (
				14C778302AF10A3300E5B744 /* RandomUser */,
				14C778432AF10A3400E5B744 /* RandomUserTests */,
				14C7784D2AF10A3500E5B744 /* RandomUserUITests */,
			);
		};
/* End PBXProject section */

/* Begin PBXResourcesBuildPhase section */
		14C7782F2AF10A3300E5B744 /* Resources */ = {
			isa = PBXResourcesBuildPhase;
			buildActionMask = 2147483647;
			files = (
				14C7783F2AF10A3400E5B744 /* Preview Assets.xcassets in Resources */,
				14C7783B2AF10A3400E5B744 /* Assets.xcassets in Resources */,
			);
			runOnlyForDeploymentPostprocessing = 0;
		};
		14C778422AF10A3400E5B744 /* Resources */ = {
			isa = PBXResourcesBuildPhase;
			buildActionMask = 2147483647;
			files = (
			);
			runOnlyForDeploymentPostprocessing = 0;
		};
		14C7784C2AF10A3500E5B744 /* Resources */ = {
			isa = PBXResourcesBuildPhase;
			buildActionMask = 2147483647;
			files = (
			);
			runOnlyForDeploymentPostprocessing = 0;
		};
/* End PBXResourcesBuildPhase section */

/* Begin PBXSourcesBuildPhase section */
		14C7782D2AF10A3300E5B744 /* Sources */ = {
			isa = PBXSourcesBuildPhase;
			buildActionMask = 2147483647;
			files = (
				140F8B8C2AF50EB30064C2A6 /* UseCaseAssembly.swift in Sources */,
				140F8B9B2AF540920064C2A6 /* DetailUserAssembly.swift in Sources */,
				140F8B8B2AF50EB30064C2A6 /* UserFeatureAssembly.swift in Sources */,
				140F8B922AF5137E0064C2A6 /* UsersViewModel.swift in Sources */,
				14C778352AF10A3300E5B744 /* RandomUserApp.swift in Sources */,
				140F8B8A2AF50EB30064C2A6 /* RepositoryAssembly.swift in Sources */,
				140F8B962AF517230064C2A6 /* UserAssembly.swift in Sources */,
				142DFDF12AF80E0D008B148F /* UserCellView.swift in Sources */,
				14796B592AF57DAE00E09597 /* DetailUserView.swift in Sources */,
				140F8B912AF5137E0064C2A6 /* UsersView.swift in Sources */,
			);
			runOnlyForDeploymentPostprocessing = 0;
		};
		14C778402AF10A3400E5B744 /* Sources */ = {
			isa = PBXSourcesBuildPhase;
			buildActionMask = 2147483647;
			files = (
				14C778492AF10A3400E5B744 /* RandomUserTests.swift in Sources */,
			);
			runOnlyForDeploymentPostprocessing = 0;
		};
		14C7784A2AF10A3500E5B744 /* Sources */ = {
			isa = PBXSourcesBuildPhase;
			buildActionMask = 2147483647;
			files = (
				14C778552AF10A3500E5B744 /* RandomUserUITestsLaunchTests.swift in Sources */,
				14C778532AF10A3500E5B744 /* RandomUserUITests.swift in Sources */,
			);
			runOnlyForDeploymentPostprocessing = 0;
		};
/* End PBXSourcesBuildPhase section */

/* Begin PBXTargetDependency section */
		14C778462AF10A3400E5B744 /* PBXTargetDependency */ = {
			isa = PBXTargetDependency;
			target = 14C778302AF10A3300E5B744 /* RandomUser */;
			targetProxy = 14C778452AF10A3400E5B744 /* PBXContainerItemProxy */;
		};
		14C778502AF10A3500E5B744 /* PBXTargetDependency */ = {
			isa = PBXTargetDependency;
			target = 14C778302AF10A3300E5B744 /* RandomUser */;
			targetProxy = 14C7784F2AF10A3500E5B744 /* PBXContainerItemProxy */;
		};
/* End PBXTargetDependency section */

/* Begin XCBuildConfiguration section */
		14C778562AF10A3500E5B744 /* Debug */ = {
			isa = XCBuildConfiguration;
			buildSettings = {
				ALWAYS_SEARCH_USER_PATHS = NO;
				ASSETCATALOG_COMPILER_GENERATE_SWIFT_ASSET_SYMBOL_EXTENSIONS = YES;
				CLANG_ANALYZER_NONNULL = YES;
				CLANG_ANALYZER_NUMBER_OBJECT_CONVERSION = YES_AGGRESSIVE;
				CLANG_CXX_LANGUAGE_STANDARD = "gnu++20";
				CLANG_ENABLE_MODULES = YES;
				CLANG_ENABLE_OBJC_ARC = YES;
				CLANG_ENABLE_OBJC_WEAK = YES;
				CLANG_WARN_BLOCK_CAPTURE_AUTORELEASING = YES;
				CLANG_WARN_BOOL_CONVERSION = YES;
				CLANG_WARN_COMMA = YES;
				CLANG_WARN_CONSTANT_CONVERSION = YES;
				CLANG_WARN_DEPRECATED_OBJC_IMPLEMENTATIONS = YES;
				CLANG_WARN_DIRECT_OBJC_ISA_USAGE = YES_ERROR;
				CLANG_WARN_DOCUMENTATION_COMMENTS = YES;
				CLANG_WARN_EMPTY_BODY = YES;
				CLANG_WARN_ENUM_CONVERSION = YES;
				CLANG_WARN_INFINITE_RECURSION = YES;
				CLANG_WARN_INT_CONVERSION = YES;
				CLANG_WARN_NON_LITERAL_NULL_CONVERSION = YES;
				CLANG_WARN_OBJC_IMPLICIT_RETAIN_SELF = YES;
				CLANG_WARN_OBJC_LITERAL_CONVERSION = YES;
				CLANG_WARN_OBJC_ROOT_CLASS = YES_ERROR;
				CLANG_WARN_QUOTED_INCLUDE_IN_FRAMEWORK_HEADER = YES;
				CLANG_WARN_RANGE_LOOP_ANALYSIS = YES;
				CLANG_WARN_STRICT_PROTOTYPES = YES;
				CLANG_WARN_SUSPICIOUS_MOVE = YES;
				CLANG_WARN_UNGUARDED_AVAILABILITY = YES_AGGRESSIVE;
				CLANG_WARN_UNREACHABLE_CODE = YES;
				CLANG_WARN__DUPLICATE_METHOD_MATCH = YES;
				COPY_PHASE_STRIP = NO;
				DEBUG_INFORMATION_FORMAT = dwarf;
				ENABLE_STRICT_OBJC_MSGSEND = YES;
				ENABLE_TESTABILITY = YES;
				ENABLE_USER_SCRIPT_SANDBOXING = YES;
				GCC_C_LANGUAGE_STANDARD = gnu17;
				GCC_DYNAMIC_NO_PIC = NO;
				GCC_NO_COMMON_BLOCKS = YES;
				GCC_OPTIMIZATION_LEVEL = 0;
				GCC_PREPROCESSOR_DEFINITIONS = (
					"DEBUG=1",
					"$(inherited)",
				);
				GCC_WARN_64_TO_32_BIT_CONVERSION = YES;
				GCC_WARN_ABOUT_RETURN_TYPE = YES_ERROR;
				GCC_WARN_UNDECLARED_SELECTOR = YES;
				GCC_WARN_UNINITIALIZED_AUTOS = YES_AGGRESSIVE;
				GCC_WARN_UNUSED_FUNCTION = YES;
				GCC_WARN_UNUSED_VARIABLE = YES;
				LOCALIZATION_PREFERS_STRING_CATALOGS = YES;
				MTL_ENABLE_DEBUG_INFO = INCLUDE_SOURCE;
				MTL_FAST_MATH = YES;
				ONLY_ACTIVE_ARCH = YES;
				SWIFT_ACTIVE_COMPILATION_CONDITIONS = "DEBUG $(inherited)";
				SWIFT_OPTIMIZATION_LEVEL = "-Onone";
			};
			name = Debug;
		};
		14C778572AF10A3500E5B744 /* Release */ = {
			isa = XCBuildConfiguration;
			buildSettings = {
				ALWAYS_SEARCH_USER_PATHS = NO;
				ASSETCATALOG_COMPILER_GENERATE_SWIFT_ASSET_SYMBOL_EXTENSIONS = YES;
				CLANG_ANALYZER_NONNULL = YES;
				CLANG_ANALYZER_NUMBER_OBJECT_CONVERSION = YES_AGGRESSIVE;
				CLANG_CXX_LANGUAGE_STANDARD = "gnu++20";
				CLANG_ENABLE_MODULES = YES;
				CLANG_ENABLE_OBJC_ARC = YES;
				CLANG_ENABLE_OBJC_WEAK = YES;
				CLANG_WARN_BLOCK_CAPTURE_AUTORELEASING = YES;
				CLANG_WARN_BOOL_CONVERSION = YES;
				CLANG_WARN_COMMA = YES;
				CLANG_WARN_CONSTANT_CONVERSION = YES;
				CLANG_WARN_DEPRECATED_OBJC_IMPLEMENTATIONS = YES;
				CLANG_WARN_DIRECT_OBJC_ISA_USAGE = YES_ERROR;
				CLANG_WARN_DOCUMENTATION_COMMENTS = YES;
				CLANG_WARN_EMPTY_BODY = YES;
				CLANG_WARN_ENUM_CONVERSION = YES;
				CLANG_WARN_INFINITE_RECURSION = YES;
				CLANG_WARN_INT_CONVERSION = YES;
				CLANG_WARN_NON_LITERAL_NULL_CONVERSION = YES;
				CLANG_WARN_OBJC_IMPLICIT_RETAIN_SELF = YES;
				CLANG_WARN_OBJC_LITERAL_CONVERSION = YES;
				CLANG_WARN_OBJC_ROOT_CLASS = YES_ERROR;
				CLANG_WARN_QUOTED_INCLUDE_IN_FRAMEWORK_HEADER = YES;
				CLANG_WARN_RANGE_LOOP_ANALYSIS = YES;
				CLANG_WARN_STRICT_PROTOTYPES = YES;
				CLANG_WARN_SUSPICIOUS_MOVE = YES;
				CLANG_WARN_UNGUARDED_AVAILABILITY = YES_AGGRESSIVE;
				CLANG_WARN_UNREACHABLE_CODE = YES;
				CLANG_WARN__DUPLICATE_METHOD_MATCH = YES;
				COPY_PHASE_STRIP = NO;
				DEBUG_INFORMATION_FORMAT = "dwarf-with-dsym";
				ENABLE_NS_ASSERTIONS = NO;
				ENABLE_STRICT_OBJC_MSGSEND = YES;
				ENABLE_USER_SCRIPT_SANDBOXING = YES;
				GCC_C_LANGUAGE_STANDARD = gnu17;
				GCC_NO_COMMON_BLOCKS = YES;
				GCC_WARN_64_TO_32_BIT_CONVERSION = YES;
				GCC_WARN_ABOUT_RETURN_TYPE = YES_ERROR;
				GCC_WARN_UNDECLARED_SELECTOR = YES;
				GCC_WARN_UNINITIALIZED_AUTOS = YES_AGGRESSIVE;
				GCC_WARN_UNUSED_FUNCTION = YES;
				GCC_WARN_UNUSED_VARIABLE = YES;
				LOCALIZATION_PREFERS_STRING_CATALOGS = YES;
				MTL_ENABLE_DEBUG_INFO = NO;
				MTL_FAST_MATH = YES;
				SWIFT_COMPILATION_MODE = wholemodule;
			};
			name = Release;
		};
		14C778592AF10A3500E5B744 /* Debug */ = {
			isa = XCBuildConfiguration;
			buildSettings = {
				ASSETCATALOG_COMPILER_APPICON_NAME = AppIcon;
				ASSETCATALOG_COMPILER_GLOBAL_ACCENT_COLOR_NAME = AccentColor;
				CODE_SIGN_ENTITLEMENTS = RandomUser/RandomUser.entitlements;
				CODE_SIGN_IDENTITY = "Apple Development";
				CODE_SIGN_STYLE = Automatic;
				CURRENT_PROJECT_VERSION = 1;
				DEVELOPMENT_ASSET_PATHS = "\"RandomUser/Preview Content\"";
				DEVELOPMENT_TEAM = JUL8U4DYU9;
				ENABLE_HARDENED_RUNTIME = YES;
				ENABLE_PREVIEWS = YES;
				GENERATE_INFOPLIST_FILE = YES;
				"INFOPLIST_KEY_UIApplicationSceneManifest_Generation[sdk=iphoneos*]" = YES;
				"INFOPLIST_KEY_UIApplicationSceneManifest_Generation[sdk=iphonesimulator*]" = YES;
				"INFOPLIST_KEY_UIApplicationSupportsIndirectInputEvents[sdk=iphoneos*]" = YES;
				"INFOPLIST_KEY_UIApplicationSupportsIndirectInputEvents[sdk=iphonesimulator*]" = YES;
				"INFOPLIST_KEY_UILaunchScreen_Generation[sdk=iphoneos*]" = YES;
				"INFOPLIST_KEY_UILaunchScreen_Generation[sdk=iphonesimulator*]" = YES;
				"INFOPLIST_KEY_UIStatusBarStyle[sdk=iphoneos*]" = UIStatusBarStyleDefault;
				"INFOPLIST_KEY_UIStatusBarStyle[sdk=iphonesimulator*]" = UIStatusBarStyleDefault;
				INFOPLIST_KEY_UISupportedInterfaceOrientations_iPad = "UIInterfaceOrientationPortrait UIInterfaceOrientationPortraitUpsideDown UIInterfaceOrientationLandscapeLeft UIInterfaceOrientationLandscapeRight";
				INFOPLIST_KEY_UISupportedInterfaceOrientations_iPhone = "UIInterfaceOrientationPortrait UIInterfaceOrientationLandscapeLeft UIInterfaceOrientationLandscapeRight";
				IPHONEOS_DEPLOYMENT_TARGET = 17.0;
				LD_RUNPATH_SEARCH_PATHS = "@executable_path/Frameworks";
				"LD_RUNPATH_SEARCH_PATHS[sdk=macosx*]" = "@executable_path/../Frameworks";
				MACOSX_DEPLOYMENT_TARGET = 14.0;
				MARKETING_VERSION = 1.0;
				PRODUCT_BUNDLE_IDENTIFIER = com.jordiGallen.randomuser.RandomUser;
				PRODUCT_NAME = "$(TARGET_NAME)";
				PROVISIONING_PROFILE_SPECIFIER = "";
				SDKROOT = auto;
				SUPPORTED_PLATFORMS = "iphoneos iphonesimulator macosx";
				SWIFT_EMIT_LOC_STRINGS = YES;
				SWIFT_VERSION = 5.0;
				TARGETED_DEVICE_FAMILY = "1,2";
			};
			name = Debug;
		};
		14C7785A2AF10A3500E5B744 /* Release */ = {
			isa = XCBuildConfiguration;
			buildSettings = {
				ASSETCATALOG_COMPILER_APPICON_NAME = AppIcon;
				ASSETCATALOG_COMPILER_GLOBAL_ACCENT_COLOR_NAME = AccentColor;
				CODE_SIGN_ENTITLEMENTS = RandomUser/RandomUser.entitlements;
				CODE_SIGN_IDENTITY = "Apple Development";
				CODE_SIGN_STYLE = Automatic;
				CURRENT_PROJECT_VERSION = 1;
				DEVELOPMENT_ASSET_PATHS = "\"RandomUser/Preview Content\"";
				DEVELOPMENT_TEAM = JUL8U4DYU9;
				ENABLE_HARDENED_RUNTIME = YES;
				ENABLE_PREVIEWS = YES;
				GENERATE_INFOPLIST_FILE = YES;
				"INFOPLIST_KEY_UIApplicationSceneManifest_Generation[sdk=iphoneos*]" = YES;
				"INFOPLIST_KEY_UIApplicationSceneManifest_Generation[sdk=iphonesimulator*]" = YES;
				"INFOPLIST_KEY_UIApplicationSupportsIndirectInputEvents[sdk=iphoneos*]" = YES;
				"INFOPLIST_KEY_UIApplicationSupportsIndirectInputEvents[sdk=iphonesimulator*]" = YES;
				"INFOPLIST_KEY_UILaunchScreen_Generation[sdk=iphoneos*]" = YES;
				"INFOPLIST_KEY_UILaunchScreen_Generation[sdk=iphonesimulator*]" = YES;
				"INFOPLIST_KEY_UIStatusBarStyle[sdk=iphoneos*]" = UIStatusBarStyleDefault;
				"INFOPLIST_KEY_UIStatusBarStyle[sdk=iphonesimulator*]" = UIStatusBarStyleDefault;
				INFOPLIST_KEY_UISupportedInterfaceOrientations_iPad = "UIInterfaceOrientationPortrait UIInterfaceOrientationPortraitUpsideDown UIInterfaceOrientationLandscapeLeft UIInterfaceOrientationLandscapeRight";
				INFOPLIST_KEY_UISupportedInterfaceOrientations_iPhone = "UIInterfaceOrientationPortrait UIInterfaceOrientationLandscapeLeft UIInterfaceOrientationLandscapeRight";
				IPHONEOS_DEPLOYMENT_TARGET = 17.0;
				LD_RUNPATH_SEARCH_PATHS = "@executable_path/Frameworks";
				"LD_RUNPATH_SEARCH_PATHS[sdk=macosx*]" = "@executable_path/../Frameworks";
				MACOSX_DEPLOYMENT_TARGET = 14.0;
				MARKETING_VERSION = 1.0;
				PRODUCT_BUNDLE_IDENTIFIER = com.jordiGallen.randomuser.RandomUser;
				PRODUCT_NAME = "$(TARGET_NAME)";
				PROVISIONING_PROFILE_SPECIFIER = "";
				SDKROOT = auto;
				SUPPORTED_PLATFORMS = "iphoneos iphonesimulator macosx";
				SWIFT_EMIT_LOC_STRINGS = YES;
				SWIFT_VERSION = 5.0;
				TARGETED_DEVICE_FAMILY = "1,2";
			};
			name = Release;
		};
		14C7785C2AF10A3500E5B744 /* Debug */ = {
			isa = XCBuildConfiguration;
			buildSettings = {
				ALWAYS_EMBED_SWIFT_STANDARD_LIBRARIES = YES;
				BUNDLE_LOADER = "$(TEST_HOST)";
				CODE_SIGN_STYLE = Automatic;
				CURRENT_PROJECT_VERSION = 1;
				DEVELOPMENT_TEAM = JUL8U4DYU9;
				GENERATE_INFOPLIST_FILE = YES;
				IPHONEOS_DEPLOYMENT_TARGET = 17.0;
				MACOSX_DEPLOYMENT_TARGET = 14.0;
				MARKETING_VERSION = 1.0;
				PRODUCT_BUNDLE_IDENTIFIER = com.jordiGallen.randomuser.RandomUserTests;
				PRODUCT_NAME = "$(TARGET_NAME)";
				SDKROOT = auto;
				SUPPORTED_PLATFORMS = "iphoneos iphonesimulator macosx";
				SWIFT_EMIT_LOC_STRINGS = NO;
				SWIFT_VERSION = 5.0;
				TARGETED_DEVICE_FAMILY = "1,2";
				TEST_HOST = "$(BUILT_PRODUCTS_DIR)/RandomUser.app/$(BUNDLE_EXECUTABLE_FOLDER_PATH)/RandomUser";
			};
			name = Debug;
		};
		14C7785D2AF10A3500E5B744 /* Release */ = {
			isa = XCBuildConfiguration;
			buildSettings = {
				ALWAYS_EMBED_SWIFT_STANDARD_LIBRARIES = YES;
				BUNDLE_LOADER = "$(TEST_HOST)";
				CODE_SIGN_STYLE = Automatic;
				CURRENT_PROJECT_VERSION = 1;
				DEVELOPMENT_TEAM = JUL8U4DYU9;
				GENERATE_INFOPLIST_FILE = YES;
				IPHONEOS_DEPLOYMENT_TARGET = 17.0;
				MACOSX_DEPLOYMENT_TARGET = 14.0;
				MARKETING_VERSION = 1.0;
				PRODUCT_BUNDLE_IDENTIFIER = com.jordiGallen.randomuser.RandomUserTests;
				PRODUCT_NAME = "$(TARGET_NAME)";
				SDKROOT = auto;
				SUPPORTED_PLATFORMS = "iphoneos iphonesimulator macosx";
				SWIFT_EMIT_LOC_STRINGS = NO;
				SWIFT_VERSION = 5.0;
				TARGETED_DEVICE_FAMILY = "1,2";
				TEST_HOST = "$(BUILT_PRODUCTS_DIR)/RandomUser.app/$(BUNDLE_EXECUTABLE_FOLDER_PATH)/RandomUser";
			};
			name = Release;
		};
		14C7785F2AF10A3500E5B744 /* Debug */ = {
			isa = XCBuildConfiguration;
			buildSettings = {
				ALWAYS_EMBED_SWIFT_STANDARD_LIBRARIES = YES;
				CODE_SIGN_STYLE = Automatic;
				CURRENT_PROJECT_VERSION = 1;
				DEVELOPMENT_TEAM = JUL8U4DYU9;
				GENERATE_INFOPLIST_FILE = YES;
				IPHONEOS_DEPLOYMENT_TARGET = 17.0;
				MACOSX_DEPLOYMENT_TARGET = 14.0;
				MARKETING_VERSION = 1.0;
				PRODUCT_BUNDLE_IDENTIFIER = com.jordiGallen.randomuser.RandomUserUITests;
				PRODUCT_NAME = "$(TARGET_NAME)";
				SDKROOT = auto;
				SUPPORTED_PLATFORMS = "iphoneos iphonesimulator macosx";
				SWIFT_EMIT_LOC_STRINGS = NO;
				SWIFT_VERSION = 5.0;
				TARGETED_DEVICE_FAMILY = "1,2";
				TEST_TARGET_NAME = RandomUser;
			};
			name = Debug;
		};
		14C778602AF10A3500E5B744 /* Release */ = {
			isa = XCBuildConfiguration;
			buildSettings = {
				ALWAYS_EMBED_SWIFT_STANDARD_LIBRARIES = YES;
				CODE_SIGN_STYLE = Automatic;
				CURRENT_PROJECT_VERSION = 1;
				DEVELOPMENT_TEAM = JUL8U4DYU9;
				GENERATE_INFOPLIST_FILE = YES;
				IPHONEOS_DEPLOYMENT_TARGET = 17.0;
				MACOSX_DEPLOYMENT_TARGET = 14.0;
				MARKETING_VERSION = 1.0;
				PRODUCT_BUNDLE_IDENTIFIER = com.jordiGallen.randomuser.RandomUserUITests;
				PRODUCT_NAME = "$(TARGET_NAME)";
				SDKROOT = auto;
				SUPPORTED_PLATFORMS = "iphoneos iphonesimulator macosx";
				SWIFT_EMIT_LOC_STRINGS = NO;
				SWIFT_VERSION = 5.0;
				TARGETED_DEVICE_FAMILY = "1,2";
				TEST_TARGET_NAME = RandomUser;
			};
			name = Release;
		};
/* End XCBuildConfiguration section */

/* Begin XCConfigurationList section */
		14C7782C2AF10A3300E5B744 /* Build configuration list for PBXProject "RandomUser" */ = {
			isa = XCConfigurationList;
			buildConfigurations = (
				14C778562AF10A3500E5B744 /* Debug */,
				14C778572AF10A3500E5B744 /* Release */,
			);
			defaultConfigurationIsVisible = 0;
			defaultConfigurationName = Release;
		};
		14C778582AF10A3500E5B744 /* Build configuration list for PBXNativeTarget "RandomUser" */ = {
			isa = XCConfigurationList;
			buildConfigurations = (
				14C778592AF10A3500E5B744 /* Debug */,
				14C7785A2AF10A3500E5B744 /* Release */,
			);
			defaultConfigurationIsVisible = 0;
			defaultConfigurationName = Release;
		};
		14C7785B2AF10A3500E5B744 /* Build configuration list for PBXNativeTarget "RandomUserTests" */ = {
			isa = XCConfigurationList;
			buildConfigurations = (
				14C7785C2AF10A3500E5B744 /* Debug */,
				14C7785D2AF10A3500E5B744 /* Release */,
			);
			defaultConfigurationIsVisible = 0;
			defaultConfigurationName = Release;
		};
		14C7785E2AF10A3500E5B744 /* Build configuration list for PBXNativeTarget "RandomUserUITests" */ = {
			isa = XCConfigurationList;
			buildConfigurations = (
				14C7785F2AF10A3500E5B744 /* Debug */,
				14C778602AF10A3500E5B744 /* Release */,
			);
			defaultConfigurationIsVisible = 0;
			defaultConfigurationName = Release;
		};
/* End XCConfigurationList section */

/* Begin XCSwiftPackageProductDependency section */
		140F8B772AF409830064C2A6 /* Data */ = {
			isa = XCSwiftPackageProductDependency;
			productName = Data;
		};
		140F8B792AF409830064C2A6 /* Domain */ = {
			isa = XCSwiftPackageProductDependency;
			productName = Domain;
		};
/* End XCSwiftPackageProductDependency section */
	};
	rootObject = 14C778292AF10A3300E5B744 /* Project object */;
}
